
Microsoft Visual Studio Solution File, Format Version 12.00
# Visual Studio Version 17
VisualStudioVersion = 17.1.32407.343
MinimumVisualStudioVersion = 10.0.40219.1
Project("{FAE04EC0-301F-11D3-BF4B-00C04F79EFBC}") = "TestLib", "TestLib\TestLib.csproj", "{A3259DE6-E034-4FAB-B938-AE08B485FC63}"
EndProject
Project("{FAE04EC0-301F-11D3-BF4B-00C04F79EFBC}") = "TestDesigner", "TestDesigner\TestDesigner.csproj", "{D7177692-CAAB-4D09-AF7B-D68600C991F6}"
EndProject
Project("{FAE04EC0-301F-11D3-BF4B-00C04F79EFBC}") = "TestServer", "TestServer\TestServer.csproj", "{0503004C-D7B1-40B0-9FB5-97BD8E972450}"
EndProject
Project("{FAE04EC0-301F-11D3-BF4B-00C04F79EFBC}") = "SHA512Lib", "SHA512Lib\SHA512Lib.csproj", "{1A452544-32D7-48F6-ABC4-1734F7A58D64}"
EndProject
Project("{FAE04EC0-301F-11D3-BF4B-00C04F79EFBC}") = "RepositoryLib", "RepositoryLib\RepositoryLib.csproj", "{FAED8D16-FBF6-4AA4-8D8D-76CDC157277B}"
EndProject
Project("{FAE04EC0-301F-11D3-BF4B-00C04F79EFBC}") = "DALTestSystemDB", "DALTestSystemDB\DALTestSystemDB.csproj", "{6BCE373F-FB85-4853-AAE8-3A1C3A9F6141}"
EndProject
Project("{FAE04EC0-301F-11D3-BF4B-00C04F79EFBC}") = "TextBoxHintLib", "TextBoxHintLib\TextBoxHintLib.csproj", "{1AAE46F2-7401-413E-B445-51D22D1C3EBC}"
EndProject
Project("{FAE04EC0-301F-11D3-BF4B-00C04F79EFBC}") = "TestClient", "TestClient\TestClient.csproj", "{869D8164-A0F7-45F7-8687-CDEC407638F1}"
EndProject
Project("{FAE04EC0-301F-11D3-BF4B-00C04F79EFBC}") = "BinObjConverterLib", "BinObjConverterLib\BinObjConverterLib.csproj", "{39A112CC-DA6D-4134-8E7F-9E0F8625723C}"
EndProject
Project("{FAE04EC0-301F-11D3-BF4B-00C04F79EFBC}") = "EnumsLib", "EnumsLib\EnumsLib.csproj", "{43BE69E3-18D7-432F-A525-87A8681697BE}"
EndProject
Project("{FAE04EC0-301F-11D3-BF4B-00C04F79EFBC}") = "NetPackLib", "NetPackLib\NetPackLib.csproj", "{06BA8CA1-E10D-41C8-A50F-1E82A4596BA8}"
EndProject
Project("{FAE04EC0-301F-11D3-BF4B-00C04F79EFBC}") = "NetCloneLib", "NetCloneLib\NetCloneLib.csproj", "{35DFB72D-AB9F-46F6-AC1C-5A6E18ECBFB0}"
EndProject
Global
	GlobalSection(SolutionConfigurationPlatforms) = preSolution
		Debug|Any CPU = Debug|Any CPU
		Release|Any CPU = Release|Any CPU
	EndGlobalSection
	GlobalSection(ProjectConfigurationPlatforms) = postSolution
		{A3259DE6-E034-4FAB-B938-AE08B485FC63}.Debug|Any CPU.ActiveCfg = Debug|Any CPU
		{A3259DE6-E034-4FAB-B938-AE08B485FC63}.Debug|Any CPU.Build.0 = Debug|Any CPU
		{A3259DE6-E034-4FAB-B938-AE08B485FC63}.Release|Any CPU.ActiveCfg = Release|Any CPU
		{A3259DE6-E034-4FAB-B938-AE08B485FC63}.Release|Any CPU.Build.0 = Release|Any CPU
		{D7177692-CAAB-4D09-AF7B-D68600C991F6}.Debug|Any CPU.ActiveCfg = Debug|Any CPU
		{D7177692-CAAB-4D09-AF7B-D68600C991F6}.Debug|Any CPU.Build.0 = Debug|Any CPU
		{D7177692-CAAB-4D09-AF7B-D68600C991F6}.Release|Any CPU.ActiveCfg = Release|Any CPU
		{D7177692-CAAB-4D09-AF7B-D68600C991F6}.Release|Any CPU.Build.0 = Release|Any CPU
		{0503004C-D7B1-40B0-9FB5-97BD8E972450}.Debug|Any CPU.ActiveCfg = Debug|Any CPU
		{0503004C-D7B1-40B0-9FB5-97BD8E972450}.Debug|Any CPU.Build.0 = Debug|Any CPU
		{0503004C-D7B1-40B0-9FB5-97BD8E972450}.Release|Any CPU.ActiveCfg = Release|Any CPU
		{0503004C-D7B1-40B0-9FB5-97BD8E972450}.Release|Any CPU.Build.0 = Release|Any CPU
		{1A452544-32D7-48F6-ABC4-1734F7A58D64}.Debug|Any CPU.ActiveCfg = Debug|Any CPU
		{1A452544-32D7-48F6-ABC4-1734F7A58D64}.Debug|Any CPU.Build.0 = Debug|Any CPU
		{1A452544-32D7-48F6-ABC4-1734F7A58D64}.Release|Any CPU.ActiveCfg = Release|Any CPU
		{1A452544-32D7-48F6-ABC4-1734F7A58D64}.Release|Any CPU.Build.0 = Release|Any CPU
		{FAED8D16-FBF6-4AA4-8D8D-76CDC157277B}.Debug|Any CPU.ActiveCfg = Debug|Any CPU
		{FAED8D16-FBF6-4AA4-8D8D-76CDC157277B}.Debug|Any CPU.Build.0 = Debug|Any CPU
		{FAED8D16-FBF6-4AA4-8D8D-76CDC157277B}.Release|Any CPU.ActiveCfg = Release|Any CPU
		{FAED8D16-FBF6-4AA4-8D8D-76CDC157277B}.Release|Any CPU.Build.0 = Release|Any CPU
		{6BCE373F-FB85-4853-AAE8-3A1C3A9F6141}.Debug|Any CPU.ActiveCfg = Debug|Any CPU
		{6BCE373F-FB85-4853-AAE8-3A1C3A9F6141}.Debug|Any CPU.Build.0 = Debug|Any CPU
		{6BCE373F-FB85-4853-AAE8-3A1C3A9F6141}.Release|Any CPU.ActiveCfg = Release|Any CPU
		{6BCE373F-FB85-4853-AAE8-3A1C3A9F6141}.Release|Any CPU.Build.0 = Release|Any CPU
		{1AAE46F2-7401-413E-B445-51D22D1C3EBC}.Debug|Any CPU.ActiveCfg = Debug|Any CPU
		{1AAE46F2-7401-413E-B445-51D22D1C3EBC}.Debug|Any CPU.Build.0 = Debug|Any CPU
		{1AAE46F2-7401-413E-B445-51D22D1C3EBC}.Release|Any CPU.ActiveCfg = Release|Any CPU
		{1AAE46F2-7401-413E-B445-51D22D1C3EBC}.Release|Any CPU.Build.0 = Release|Any CPU
		{869D8164-A0F7-45F7-8687-CDEC407638F1}.Debug|Any CPU.ActiveCfg = Debug|Any CPU
		{869D8164-A0F7-45F7-8687-CDEC407638F1}.Debug|Any CPU.Build.0 = Debug|Any CPU
		{869D8164-A0F7-45F7-8687-CDEC407638F1}.Release|Any CPU.ActiveCfg = Release|Any CPU
		{869D8164-A0F7-45F7-8687-CDEC407638F1}.Release|Any CPU.Build.0 = Release|Any CPU
		{39A112CC-DA6D-4134-8E7F-9E0F8625723C}.Debug|Any CPU.ActiveCfg = Debug|Any CPU
		{39A112CC-DA6D-4134-8E7F-9E0F8625723C}.Debug|Any CPU.Build.0 = Debug|Any CPU
		{39A112CC-DA6D-4134-8E7F-9E0F8625723C}.Release|Any CPU.ActiveCfg = Release|Any CPU
		{39A112CC-DA6D-4134-8E7F-9E0F8625723C}.Release|Any CPU.Build.0 = Release|Any CPU
		{43BE69E3-18D7-432F-A525-87A8681697BE}.Debug|Any CPU.ActiveCfg = Debug|Any CPU
		{43BE69E3-18D7-432F-A525-87A8681697BE}.Debug|Any CPU.Build.0 = Debug|Any CPU
		{43BE69E3-18D7-432F-A525-87A8681697BE}.Release|Any CPU.ActiveCfg = Release|Any CPU
		{43BE69E3-18D7-432F-A525-87A8681697BE}.Release|Any CPU.Build.0 = Release|Any CPU
		{06BA8CA1-E10D-41C8-A50F-1E82A4596BA8}.Debug|Any CPU.ActiveCfg = Debug|Any CPU
		{06BA8CA1-E10D-41C8-A50F-1E82A4596BA8}.Debug|Any CPU.Build.0 = Debug|Any CPU
		{06BA8CA1-E10D-41C8-A50F-1E82A4596BA8}.Release|Any CPU.ActiveCfg = Release|Any CPU
		{06BA8CA1-E10D-41C8-A50F-1E82A4596BA8}.Release|Any CPU.Build.0 = Release|Any CPU
		{35DFB72D-AB9F-46F6-AC1C-5A6E18ECBFB0}.Debug|Any CPU.ActiveCfg = Debug|Any CPU
		{35DFB72D-AB9F-46F6-AC1C-5A6E18ECBFB0}.Debug|Any CPU.Build.0 = Debug|Any CPU
		{35DFB72D-AB9F-46F6-AC1C-5A6E18ECBFB0}.Release|Any CPU.ActiveCfg = Release|Any CPU
		{35DFB72D-AB9F-46F6-AC1C-5A6E18ECBFB0}.Release|Any CPU.Build.0 = Release|Any CPU
	EndGlobalSection
	GlobalSection(SolutionProperties) = preSolution
		HideSolutionNode = FALSE
	EndGlobalSection
	GlobalSection(ExtensibilityGlobals) = postSolution
		SolutionGuid = {87EECAFA-ABE1-4983-ABE7-93AC260624E7}
	EndGlobalSection
EndGlobal
